// !$*UTF8*$!
{
	archiveVersion = 1;
	classes = {
	};
	objectVersion = 60;
	objects = {

/* Begin PBXBuildFile section */
		DE14D3032DB2BBE100CA3032 /* STZLaunchAtLogin.m in Sources */ = {isa = PBXBuildFile; fileRef = DE14D3022DB2BBE100CA3032 /* STZLaunchAtLogin.m */; };
		DE14D3072DB600CE00CA3032 /* STZUIConstants.c in Sources */ = {isa = PBXBuildFile; fileRef = DE14D3062DB600CE00CA3032 /* STZUIConstants.c */; };
		DE265C882D43EAA100EC1A07 /* STZEventTap.c in Sources */ = {isa = PBXBuildFile; fileRef = DE265C872D43EAA100EC1A07 /* STZEventTap.c */; };
		DE2F28892DB9636700C6DB0F /* STZSymbols.ttf in Resources */ = {isa = PBXBuildFile; fileRef = DE2F28882DB960A400C6DB0F /* STZSymbols.ttf */; };
		DE4AEAC92DB96BAE006E8499 /* STZEventCommon.c in Sources */ = {isa = PBXBuildFile; fileRef = DE4AEAC72DB96BAE006E8499 /* STZEventCommon.c */; };
		DE5EEF902DA5081400FAC19A /* STZConsolePanel.m in Sources */ = {isa = PBXBuildFile; fileRef = DE5EEF8F2DA5081400FAC19A /* STZConsolePanel.m */; };
		DE5EEF9C2DA6DCE700FAC19A /* InfoPlist.xcstrings in Resources */ = {isa = PBXBuildFile; fileRef = DE5EEF9B2DA6DCE700FAC19A /* InfoPlist.xcstrings */; };
		DE5EEFA22DA79E3700FAC19A /* StatusMenu.xib in Resources */ = {isa = PBXBuildFile; fileRef = DE5EEFA42DA79E3700FAC19A /* StatusMenu.xib */; };
		DE6F2A182DAF729B001270D5 /* STZProcessManager.m in Sources */ = {isa = PBXBuildFile; fileRef = DE6F2A172DAF729B001270D5 /* STZProcessManager.m */; };
		DE70F15D2D44FABF0034F3F6 /* STZControls.m in Sources */ = {isa = PBXBuildFile; fileRef = DE70F15C2D44FABF0034F3F6 /* STZControls.m */; };
		DE70F1602D44FC1B0034F3F6 /* STZWindow.m in Sources */ = {isa = PBXBuildFile; fileRef = DE70F15F2D44FC1B0034F3F6 /* STZWindow.m */; };
		DE70F1622D4532270034F3F6 /* Localizable.xcstrings in Resources */ = {isa = PBXBuildFile; fileRef = DE70F1612D4532270034F3F6 /* Localizable.xcstrings */; };
		DE70F1642D4553330034F3F6 /* MainMenu.xib in Resources */ = {isa = PBXBuildFile; fileRef = DE70F1632D4553330034F3F6 /* MainMenu.xib */; };
		DE9B152C2D43948E00E92ECE /* AppDelegate.m in Sources */ = {isa = PBXBuildFile; fileRef = DE9B152B2D43948E00E92ECE /* AppDelegate.m */; };
		DE9B152E2D43948F00E92ECE /* Assets.xcassets in Resources */ = {isa = PBXBuildFile; fileRef = DE9B152D2D43948F00E92ECE /* Assets.xcassets */; };
		DE9B15332D43948F00E92ECE /* main.m in Sources */ = {isa = PBXBuildFile; fileRef = DE9B15322D43948F00E92ECE /* main.m */; };
		DEC39DEF2DAF88C00034654C /* STZWheelSession.c in Sources */ = {isa = PBXBuildFile; fileRef = DEC39DEE2DAF88C00034654C /* STZWheelSession.c */; };
		DEC39DF32DAFBFB00034654C /* STZOptionsPanel.m in Sources */ = {isa = PBXBuildFile; fileRef = DEC39DF22DAFBFB00034654C /* STZOptionsPanel.m */; };
/* End PBXBuildFile section */

/* Begin PBXFileReference section */
		DE14D3012DB2BBE100CA3032 /* STZLaunchAtLogin.h */ = {isa = PBXFileReference; lastKnownFileType = sourcecode.c.h; path = STZLaunchAtLogin.h; sourceTree = "<group>"; };
		DE14D3022DB2BBE100CA3032 /* STZLaunchAtLogin.m */ = {isa = PBXFileReference; lastKnownFileType = sourcecode.c.objc; path = STZLaunchAtLogin.m; sourceTree = "<group>"; };
		DE14D3052DB600CE00CA3032 /* STZUIConstants.h */ = {isa = PBXFileReference; lastKnownFileType = sourcecode.c.h; path = STZUIConstants.h; sourceTree = "<group>"; };
		DE14D3062DB600CE00CA3032 /* STZUIConstants.c */ = {isa = PBXFileReference; lastKnownFileType = sourcecode.c.c; path = STZUIConstants.c; sourceTree = "<group>"; };
		DE265C862D43EAA100EC1A07 /* STZEventTap.h */ = {isa = PBXFileReference; lastKnownFileType = sourcecode.c.h; path = STZEventTap.h; sourceTree = "<group>"; };
		DE265C872D43EAA100EC1A07 /* STZEventTap.c */ = {isa = PBXFileReference; lastKnownFileType = sourcecode.c.c; path = STZEventTap.c; sourceTree = "<group>"; };
		DE2F28882DB960A400C6DB0F /* STZSymbols.ttf */ = {isa = PBXFileReference; lastKnownFileType = file; path = STZSymbols.ttf; sourceTree = "<group>"; };
		DE4AEAC72DB96BAE006E8499 /* STZEventCommon.c */ = {isa = PBXFileReference; fileEncoding = 4; lastKnownFileType = sourcecode.c.c; path = STZEventCommon.c; sourceTree = "<group>"; };
		DE4AEAC82DB96BAE006E8499 /* STZEventCommon.h */ = {isa = PBXFileReference; fileEncoding = 4; lastKnownFileType = sourcecode.c.h; path = STZEventCommon.h; sourceTree = "<group>"; };
		DE5EEF8F2DA5081400FAC19A /* STZConsolePanel.m */ = {isa = PBXFileReference; lastKnownFileType = sourcecode.c.objc; path = STZConsolePanel.m; sourceTree = "<group>"; };
		DE5EEF912DA5082700FAC19A /* STZConsolePanel.h */ = {isa = PBXFileReference; lastKnownFileType = sourcecode.c.h; path = STZConsolePanel.h; sourceTree = "<group>"; };
		DE5EEF9B2DA6DCE700FAC19A /* InfoPlist.xcstrings */ = {isa = PBXFileReference; lastKnownFileType = text.json.xcstrings; path = InfoPlist.xcstrings; sourceTree = "<group>"; };
		DE5EEFA32DA79E3700FAC19A /* Base */ = {isa = PBXFileReference; lastKnownFileType = file.xib; name = Base; path = Base.lproj/StatusMenu.xib; sourceTree = "<group>"; };
		DE5EEFA52DA79E3700FAC19A /* mul */ = {isa = PBXFileReference; lastKnownFileType = text.json.xcstrings; name = mul; path = mul.lproj/StatusMenu.xcstrings; sourceTree = "<group>"; };
		DE6F2A162DAF729B001270D5 /* STZProcessManager.h */ = {isa = PBXFileReference; lastKnownFileType = sourcecode.c.h; path = STZProcessManager.h; sourceTree = "<group>"; };
		DE6F2A172DAF729B001270D5 /* STZProcessManager.m */ = {isa = PBXFileReference; lastKnownFileType = sourcecode.c.objc; path = STZProcessManager.m; sourceTree = "<group>"; };
		DE70F1572D44B5D20034F3F6 /* STZHandlers.h */ = {isa = PBXFileReference; lastKnownFileType = sourcecode.c.h; path = STZHandlers.h; sourceTree = "<group>"; };
		DE70F15B2D44FABF0034F3F6 /* STZControls.h */ = {isa = PBXFileReference; lastKnownFileType = sourcecode.c.h; path = STZControls.h; sourceTree = "<group>"; };
		DE70F15C2D44FABF0034F3F6 /* STZControls.m */ = {isa = PBXFileReference; lastKnownFileType = sourcecode.c.objc; path = STZControls.m; sourceTree = "<group>"; };
		DE70F15E2D44FC1B0034F3F6 /* STZWindow.h */ = {isa = PBXFileReference; lastKnownFileType = sourcecode.c.h; path = STZWindow.h; sourceTree = "<group>"; };
		DE70F15F2D44FC1B0034F3F6 /* STZWindow.m */ = {isa = PBXFileReference; lastKnownFileType = sourcecode.c.objc; path = STZWindow.m; sourceTree = "<group>"; };
		DE70F1612D4532270034F3F6 /* Localizable.xcstrings */ = {isa = PBXFileReference; lastKnownFileType = text.json.xcstrings; path = Localizable.xcstrings; sourceTree = "<group>"; };
		DE70F1632D4553330034F3F6 /* MainMenu.xib */ = {isa = PBXFileReference; lastKnownFileType = file.xib; path = MainMenu.xib; sourceTree = "<group>"; };
		DE9B15272D43948E00E92ECE /* Scroll to Zoom.app */ = {isa = PBXFileReference; explicitFileType = wrapper.application; includeInIndex = 0; path = "Scroll to Zoom.app"; sourceTree = BUILT_PRODUCTS_DIR; };
		DE9B152A2D43948E00E92ECE /* AppDelegate.h */ = {isa = PBXFileReference; lastKnownFileType = sourcecode.c.h; path = AppDelegate.h; sourceTree = "<group>"; };
		DE9B152B2D43948E00E92ECE /* AppDelegate.m */ = {isa = PBXFileReference; lastKnownFileType = sourcecode.c.objc; path = AppDelegate.m; sourceTree = "<group>"; };
		DE9B152D2D43948F00E92ECE /* Assets.xcassets */ = {isa = PBXFileReference; lastKnownFileType = folder.assetcatalog; path = Assets.xcassets; sourceTree = "<group>"; };
		DE9B15322D43948F00E92ECE /* main.m */ = {isa = PBXFileReference; lastKnownFileType = sourcecode.c.objc; path = main.m; sourceTree = "<group>"; };
		DE9B15342D43948F00E92ECE /* ScrollToZoom.entitlements */ = {isa = PBXFileReference; lastKnownFileType = text.plist.entitlements; path = ScrollToZoom.entitlements; sourceTree = "<group>"; };
		DEC39DED2DAF88C00034654C /* STZWheelSession.h */ = {isa = PBXFileReference; lastKnownFileType = sourcecode.c.h; path = STZWheelSession.h; sourceTree = "<group>"; };
		DEC39DEE2DAF88C00034654C /* STZWheelSession.c */ = {isa = PBXFileReference; lastKnownFileType = sourcecode.c.c; path = STZWheelSession.c; sourceTree = "<group>"; };
		DEC39DF02DAF8E040034654C /* CGEventSPI.h */ = {isa = PBXFileReference; lastKnownFileType = sourcecode.c.h; path = CGEventSPI.h; sourceTree = "<group>"; };
		DEC39DF12DAFBFB00034654C /* STZOptionsPanel.h */ = {isa = PBXFileReference; lastKnownFileType = sourcecode.c.h; path = STZOptionsPanel.h; sourceTree = "<group>"; };
		DEC39DF22DAFBFB00034654C /* STZOptionsPanel.m */ = {isa = PBXFileReference; lastKnownFileType = sourcecode.c.objc; path = STZOptionsPanel.m; sourceTree = "<group>"; };
/* End PBXFileReference section */

/* Begin PBXFrameworksBuildPhase section */
		DE9B15242D43948E00E92ECE /* Frameworks */ = {
			isa = PBXFrameworksBuildPhase;
			buildActionMask = 2147483647;
			files = (
			);
			runOnlyForDeploymentPostprocessing = 0;
		};
/* End PBXFrameworksBuildPhase section */

/* Begin PBXGroup section */
		DE9B151E2D43948E00E92ECE = {
			isa = PBXGroup;
			children = (
				DE9B15292D43948E00E92ECE /* ScrollToZoom */,
				DE9B15282D43948E00E92ECE /* Products */,
			);
			sourceTree = "<group>";
		};
		DE9B15282D43948E00E92ECE /* Products */ = {
			isa = PBXGroup;
			children = (
				DE9B15272D43948E00E92ECE /* Scroll to Zoom.app */,
			);
			name = Products;
			sourceTree = "<group>";
		};
		DE9B15292D43948E00E92ECE /* ScrollToZoom */ = {
			isa = PBXGroup;
			children = (
				DE9B15322D43948F00E92ECE /* main.m */,
				DE9B152A2D43948E00E92ECE /* AppDelegate.h */,
				DE9B152B2D43948E00E92ECE /* AppDelegate.m */,
				DEC39DF02DAF8E040034654C /* CGEventSPI.h */,
				DE70F1572D44B5D20034F3F6 /* STZHandlers.h */,
				DE6F2A162DAF729B001270D5 /* STZProcessManager.h */,
				DE6F2A172DAF729B001270D5 /* STZProcessManager.m */,
				DE14D3012DB2BBE100CA3032 /* STZLaunchAtLogin.h */,
				DE14D3022DB2BBE100CA3032 /* STZLaunchAtLogin.m */,
				DE4AEAC82DB96BAE006E8499 /* STZEventCommon.h */,
				DE4AEAC72DB96BAE006E8499 /* STZEventCommon.c */,
				DE265C862D43EAA100EC1A07 /* STZEventTap.h */,
				DE265C872D43EAA100EC1A07 /* STZEventTap.c */,
				DEC39DED2DAF88C00034654C /* STZWheelSession.h */,
				DEC39DEE2DAF88C00034654C /* STZWheelSession.c */,
				DE14D3052DB600CE00CA3032 /* STZUIConstants.h */,
				DE14D3062DB600CE00CA3032 /* STZUIConstants.c */,
				DE70F15B2D44FABF0034F3F6 /* STZControls.h */,
				DE70F15C2D44FABF0034F3F6 /* STZControls.m */,
				DE70F15E2D44FC1B0034F3F6 /* STZWindow.h */,
				DE70F15F2D44FC1B0034F3F6 /* STZWindow.m */,
				DEC39DF12DAFBFB00034654C /* STZOptionsPanel.h */,
				DEC39DF22DAFBFB00034654C /* STZOptionsPanel.m */,
				DE5EEF912DA5082700FAC19A /* STZConsolePanel.h */,
				DE5EEF8F2DA5081400FAC19A /* STZConsolePanel.m */,
				DE2F28882DB960A400C6DB0F /* STZSymbols.ttf */,
				DE70F1632D4553330034F3F6 /* MainMenu.xib */,
				DE5EEFA42DA79E3700FAC19A /* StatusMenu.xib */,
				DE70F1612D4532270034F3F6 /* Localizable.xcstrings */,
				DE5EEF9B2DA6DCE700FAC19A /* InfoPlist.xcstrings */,
				DE9B152D2D43948F00E92ECE /* Assets.xcassets */,
				DE9B15342D43948F00E92ECE /* ScrollToZoom.entitlements */,
			);
			path = ScrollToZoom;
			sourceTree = "<group>";
		};
/* End PBXGroup section */

/* Begin PBXNativeTarget section */
		DE9B15262D43948E00E92ECE /* Scroll to Zoom */ = {
			isa = PBXNativeTarget;
			buildConfigurationList = DE9B15372D43948F00E92ECE /* Build configuration list for PBXNativeTarget "Scroll to Zoom" */;
			buildPhases = (
				DE9B15232D43948E00E92ECE /* Sources */,
				DE9B15242D43948E00E92ECE /* Frameworks */,
				DE9B15252D43948E00E92ECE /* Resources */,
			);
			buildRules = (
			);
			dependencies = (
			);
			name = "Scroll to Zoom";
			productName = "Scroll to Zoom";
			productReference = DE9B15272D43948E00E92ECE /* Scroll to Zoom.app */;
			productType = "com.apple.product-type.application";
		};
/* End PBXNativeTarget section */

/* Begin PBXProject section */
		DE9B151F2D43948E00E92ECE /* Project object */ = {
			isa = PBXProject;
			attributes = {
				BuildIndependentTargetsInParallel = 1;
				LastUpgradeCheck = 1530;
				TargetAttributes = {
					DE9B15262D43948E00E92ECE = {
						CreatedOnToolsVersion = 15.3;
					};
				};
			};
			buildConfigurationList = DE9B15222D43948E00E92ECE /* Build configuration list for PBXProject "ScrollToZoom" */;
			compatibilityVersion = "Xcode 12.0";
			developmentRegion = en;
			hasScannedForEncodings = 0;
			knownRegions = (
				en,
				"zh-Hans",
				"zh-Hant",
				Base,
			);
			mainGroup = DE9B151E2D43948E00E92ECE;
			productRefGroup = DE9B15282D43948E00E92ECE /* Products */;
			projectDirPath = "";
			projectRoot = "";
			targets = (
				DE9B15262D43948E00E92ECE /* Scroll to Zoom */,
			);
		};
/* End PBXProject section */

/* Begin PBXResourcesBuildPhase section */
		DE9B15252D43948E00E92ECE /* Resources */ = {
			isa = PBXResourcesBuildPhase;
			buildActionMask = 2147483647;
			files = (
				DE5EEFA22DA79E3700FAC19A /* StatusMenu.xib in Resources */,
				DE5EEF9C2DA6DCE700FAC19A /* InfoPlist.xcstrings in Resources */,
				DE2F28892DB9636700C6DB0F /* STZSymbols.ttf in Resources */,
				DE70F1622D4532270034F3F6 /* Localizable.xcstrings in Resources */,
				DE9B152E2D43948F00E92ECE /* Assets.xcassets in Resources */,
				DE70F1642D4553330034F3F6 /* MainMenu.xib in Resources */,
			);
			runOnlyForDeploymentPostprocessing = 0;
		};
/* End PBXResourcesBuildPhase section */

/* Begin PBXSourcesBuildPhase section */
		DE9B15232D43948E00E92ECE /* Sources */ = {
			isa = PBXSourcesBuildPhase;
			buildActionMask = 2147483647;
			files = (
				DE9B15332D43948F00E92ECE /* main.m in Sources */,
				DE4AEAC92DB96BAE006E8499 /* STZEventCommon.c in Sources */,
				DE9B152C2D43948E00E92ECE /* AppDelegate.m in Sources */,
				DE70F15D2D44FABF0034F3F6 /* STZControls.m in Sources */,
				DE14D3032DB2BBE100CA3032 /* STZLaunchAtLogin.m in Sources */,
				DE265C882D43EAA100EC1A07 /* STZEventTap.c in Sources */,
				DEC39DEF2DAF88C00034654C /* STZWheelSession.c in Sources */,
				DE14D3072DB600CE00CA3032 /* STZUIConstants.c in Sources */,
				DEC39DF32DAFBFB00034654C /* STZOptionsPanel.m in Sources */,
				DE6F2A182DAF729B001270D5 /* STZProcessManager.m in Sources */,
				DE5EEF902DA5081400FAC19A /* STZConsolePanel.m in Sources */,
				DE70F1602D44FC1B0034F3F6 /* STZWindow.m in Sources */,
			);
			runOnlyForDeploymentPostprocessing = 0;
		};
/* End PBXSourcesBuildPhase section */

/* Begin PBXVariantGroup section */
		DE5EEFA42DA79E3700FAC19A /* StatusMenu.xib */ = {
			isa = PBXVariantGroup;
			children = (
				DE5EEFA32DA79E3700FAC19A /* Base */,
				DE5EEFA52DA79E3700FAC19A /* mul */,
			);
			name = StatusMenu.xib;
			sourceTree = "<group>";
		};
/* End PBXVariantGroup section */

/* Begin XCBuildConfiguration section */
		DE9B15352D43948F00E92ECE /* Debug */ = {
			isa = XCBuildConfiguration;
			buildSettings = {
				ALWAYS_SEARCH_USER_PATHS = NO;
				ASSETCATALOG_COMPILER_GENERATE_SWIFT_ASSET_SYMBOL_EXTENSIONS = YES;
				CLANG_ANALYZER_NONNULL = YES;
				CLANG_ANALYZER_NUMBER_OBJECT_CONVERSION = YES_AGGRESSIVE;
				CLANG_CXX_LANGUAGE_STANDARD = "gnu++20";
				CLANG_ENABLE_MODULES = YES;
				CLANG_ENABLE_OBJC_ARC = YES;
				CLANG_ENABLE_OBJC_WEAK = YES;
				CLANG_WARN_BLOCK_CAPTURE_AUTORELEASING = YES;
				CLANG_WARN_BOOL_CONVERSION = YES;
				CLANG_WARN_COMMA = YES;
				CLANG_WARN_CONSTANT_CONVERSION = YES;
				CLANG_WARN_DEPRECATED_OBJC_IMPLEMENTATIONS = YES;
				CLANG_WARN_DIRECT_OBJC_ISA_USAGE = YES_ERROR;
				CLANG_WARN_DOCUMENTATION_COMMENTS = YES;
				CLANG_WARN_EMPTY_BODY = YES;
				CLANG_WARN_ENUM_CONVERSION = YES;
				CLANG_WARN_INFINITE_RECURSION = YES;
				CLANG_WARN_INT_CONVERSION = YES;
				CLANG_WARN_NON_LITERAL_NULL_CONVERSION = YES;
				CLANG_WARN_OBJC_IMPLICIT_RETAIN_SELF = YES;
				CLANG_WARN_OBJC_LITERAL_CONVERSION = YES;
				CLANG_WARN_OBJC_ROOT_CLASS = YES_ERROR;
				CLANG_WARN_QUOTED_INCLUDE_IN_FRAMEWORK_HEADER = YES;
				CLANG_WARN_RANGE_LOOP_ANALYSIS = YES;
				CLANG_WARN_STRICT_PROTOTYPES = YES;
				CLANG_WARN_SUSPICIOUS_MOVE = YES;
				CLANG_WARN_UNGUARDED_AVAILABILITY = YES_AGGRESSIVE;
				CLANG_WARN_UNREACHABLE_CODE = YES;
				CLANG_WARN__DUPLICATE_METHOD_MATCH = YES;
				COPY_PHASE_STRIP = NO;
				DEBUG_INFORMATION_FORMAT = dwarf;
				ENABLE_STRICT_OBJC_MSGSEND = YES;
				ENABLE_TESTABILITY = YES;
				ENABLE_USER_SCRIPT_SANDBOXING = YES;
				GCC_C_LANGUAGE_STANDARD = gnu17;
				GCC_DYNAMIC_NO_PIC = NO;
				GCC_NO_COMMON_BLOCKS = YES;
				GCC_OPTIMIZATION_LEVEL = 0;
				GCC_PREPROCESSOR_DEFINITIONS = (
					"DEBUG=1",
					"$(inherited)",
				);
				GCC_WARN_64_TO_32_BIT_CONVERSION = YES;
				GCC_WARN_ABOUT_RETURN_TYPE = YES_ERROR;
				GCC_WARN_UNDECLARED_SELECTOR = YES;
				GCC_WARN_UNINITIALIZED_AUTOS = YES_AGGRESSIVE;
				GCC_WARN_UNUSED_FUNCTION = YES;
				GCC_WARN_UNUSED_VARIABLE = YES;
				LOCALIZATION_PREFERS_STRING_CATALOGS = YES;
				MACOSX_DEPLOYMENT_TARGET = 10.13;
				MTL_ENABLE_DEBUG_INFO = INCLUDE_SOURCE;
				MTL_FAST_MATH = YES;
				SDKROOT = macosx;
			};
			name = Debug;
		};
		DE9B15362D43948F00E92ECE /* Release */ = {
			isa = XCBuildConfiguration;
			buildSettings = {
				ALWAYS_SEARCH_USER_PATHS = NO;
				ASSETCATALOG_COMPILER_GENERATE_SWIFT_ASSET_SYMBOL_EXTENSIONS = YES;
				CLANG_ANALYZER_NONNULL = YES;
				CLANG_ANALYZER_NUMBER_OBJECT_CONVERSION = YES_AGGRESSIVE;
				CLANG_CXX_LANGUAGE_STANDARD = "gnu++20";
				CLANG_ENABLE_MODULES = YES;
				CLANG_ENABLE_OBJC_ARC = YES;
				CLANG_ENABLE_OBJC_WEAK = YES;
				CLANG_WARN_BLOCK_CAPTURE_AUTORELEASING = YES;
				CLANG_WARN_BOOL_CONVERSION = YES;
				CLANG_WARN_COMMA = YES;
				CLANG_WARN_CONSTANT_CONVERSION = YES;
				CLANG_WARN_DEPRECATED_OBJC_IMPLEMENTATIONS = YES;
				CLANG_WARN_DIRECT_OBJC_ISA_USAGE = YES_ERROR;
				CLANG_WARN_DOCUMENTATION_COMMENTS = YES;
				CLANG_WARN_EMPTY_BODY = YES;
				CLANG_WARN_ENUM_CONVERSION = YES;
				CLANG_WARN_INFINITE_RECURSION = YES;
				CLANG_WARN_INT_CONVERSION = YES;
				CLANG_WARN_NON_LITERAL_NULL_CONVERSION = YES;
				CLANG_WARN_OBJC_IMPLICIT_RETAIN_SELF = YES;
				CLANG_WARN_OBJC_LITERAL_CONVERSION = YES;
				CLANG_WARN_OBJC_ROOT_CLASS = YES_ERROR;
				CLANG_WARN_QUOTED_INCLUDE_IN_FRAMEWORK_HEADER = YES;
				CLANG_WARN_RANGE_LOOP_ANALYSIS = YES;
				CLANG_WARN_STRICT_PROTOTYPES = YES;
				CLANG_WARN_SUSPICIOUS_MOVE = YES;
				CLANG_WARN_UNGUARDED_AVAILABILITY = YES_AGGRESSIVE;
				CLANG_WARN_UNREACHABLE_CODE = YES;
				CLANG_WARN__DUPLICATE_METHOD_MATCH = YES;
				COPY_PHASE_STRIP = NO;
				DEBUG_INFORMATION_FORMAT = "dwarf-with-dsym";
				ENABLE_NS_ASSERTIONS = NO;
				ENABLE_STRICT_OBJC_MSGSEND = YES;
				ENABLE_USER_SCRIPT_SANDBOXING = YES;
				GCC_C_LANGUAGE_STANDARD = gnu17;
				GCC_NO_COMMON_BLOCKS = YES;
				GCC_WARN_64_TO_32_BIT_CONVERSION = YES;
				GCC_WARN_ABOUT_RETURN_TYPE = YES_ERROR;
				GCC_WARN_UNDECLARED_SELECTOR = YES;
				GCC_WARN_UNINITIALIZED_AUTOS = YES_AGGRESSIVE;
				GCC_WARN_UNUSED_FUNCTION = YES;
				GCC_WARN_UNUSED_VARIABLE = YES;
				LOCALIZATION_PREFERS_STRING_CATALOGS = YES;
				MACOSX_DEPLOYMENT_TARGET = 10.13;
				MTL_ENABLE_DEBUG_INFO = NO;
				MTL_FAST_MATH = YES;
				SDKROOT = macosx;
			};
			name = Release;
		};
		DE9B15382D43948F00E92ECE /* Debug */ = {
			isa = XCBuildConfiguration;
			buildSettings = {
				ASSETCATALOG_COMPILER_APPICON_NAME = AppIcon;
				CODE_SIGN_ENTITLEMENTS = ScrollToZoom/ScrollToZoom.entitlements;
				"CODE_SIGN_IDENTITY[sdk=macosx*]" = "Apple Development";
				CODE_SIGN_STYLE = Automatic;
				COMBINE_HIDPI_IMAGES = YES;
				CURRENT_PROJECT_VERSION = 13;
				DEVELOPMENT_TEAM = N8933HAGDL;
				GENERATE_INFOPLIST_FILE = YES;
				INFOPLIST_FILE = ScrollToZoom/Info.plist;
				INFOPLIST_KEY_LSApplicationCategoryType = "public.app-category.utilities";
				INFOPLIST_KEY_LSUIElement = YES;
				INFOPLIST_KEY_NSMainNibFile = MainMenu;
				INFOPLIST_KEY_NSPrincipalClass = NSApplication;
				LD_RUNPATH_SEARCH_PATHS = (
					"$(inherited)",
					"@executable_path/../Frameworks",
				);
				MARKETING_VERSION = 1.0b2;
				PRODUCT_BUNDLE_IDENTIFIER = red.argon.scrolltozoom;
				PRODUCT_NAME = "$(TARGET_NAME)";
				SWIFT_EMIT_LOC_STRINGS = YES;
			};
			name = Debug;
		};
		DE9B15392D43948F00E92ECE /* Release */ = {
			isa = XCBuildConfiguration;
			buildSettings = {
				ASSETCATALOG_COMPILER_APPICON_NAME = AppIcon;
				CODE_SIGN_ENTITLEMENTS = ScrollToZoom/ScrollToZoom.entitlements;
				"CODE_SIGN_IDENTITY[sdk=macosx*]" = "Apple Development";
				CODE_SIGN_STYLE = Automatic;
				COMBINE_HIDPI_IMAGES = YES;
				CURRENT_PROJECT_VERSION = 13;
				DEVELOPMENT_TEAM = N8933HAGDL;
				GENERATE_INFOPLIST_FILE = YES;
				INFOPLIST_FILE = ScrollToZoom/Info.plist;
				INFOPLIST_KEY_LSApplicationCategoryType = "public.app-category.utilities";
				INFOPLIST_KEY_LSUIElement = YES;
				INFOPLIST_KEY_NSMainNibFile = MainMenu;
				INFOPLIST_KEY_NSPrincipalClass = NSApplication;
				LD_RUNPATH_SEARCH_PATHS = (
					"$(inherited)",
					"@executable_path/../Frameworks",
				);
				MARKETING_VERSION = 1.0b2;
				PRODUCT_BUNDLE_IDENTIFIER = red.argon.scrolltozoom;
				PRODUCT_NAME = "$(TARGET_NAME)";
				SWIFT_EMIT_LOC_STRINGS = YES;
			};
			name = Release;
		};
/* End XCBuildConfiguration section */

/* Begin XCConfigurationList section */
		DE9B15222D43948E00E92ECE /* Build configuration list for PBXProject "ScrollToZoom" */ = {
			isa = XCConfigurationList;
			buildConfigurations = (
				DE9B15352D43948F00E92ECE /* Debug */,
				DE9B15362D43948F00E92ECE /* Release */,
			);
			defaultConfigurationIsVisible = 0;
			defaultConfigurationName = Release;
		};
		DE9B15372D43948F00E92ECE /* Build configuration list for PBXNativeTarget "Scroll to Zoom" */ = {
			isa = XCConfigurationList;
			buildConfigurations = (
				DE9B15382D43948F00E92ECE /* Debug */,
				DE9B15392D43948F00E92ECE /* Release */,
			);
			defaultConfigurationIsVisible = 0;
			defaultConfigurationName = Release;
		};
/* End XCConfigurationList section */
	};
	rootObject = DE9B151F2D43948E00E92ECE /* Project object */;
}
